
Microsoft Visual Studio Solution File, Format Version 12.00
# Visual Studio Version 17
VisualStudioVersion = 17.9.34728.123
MinimumVisualStudioVersion = 10.0.40219.1
Project("{FAE04EC0-301F-11D3-BF4B-00C04F79EFBC}") = "Practica BBDD", "Practica BBDD.csproj", "{29696D9A-BB04-46EB-804F-E980CF3241ED}"
EndProject
Global
	GlobalSection(SolutionConfigurationPlatforms) = preSolution
		Debug|Any CPU = Debug|Any CPU
		Release|Any CPU = Release|Any CPU
	EndGlobalSection
	GlobalSection(ProjectConfigurationPlatforms) = postSolution
		{29696D9A-BB04-46EB-804F-E980CF3241ED}.Debug|Any CPU.ActiveCfg = Debug|Any CPU
		{29696D9A-BB04-46EB-804F-E980CF3241ED}.Debug|Any CPU.Build.0 = Debug|Any CPU
		{29696D9A-BB04-46EB-804F-E980CF3241ED}.Release|Any CPU.ActiveCfg = Release|Any CPU
		{29696D9A-BB04-46EB-804F-E980CF3241ED}.Release|Any CPU.Build.0 = Release|Any CPU
	EndGlobalSection
	GlobalSection(SolutionProperties) = preSolution
		HideSolutionNode = FALSE
	EndGlobalSection
	GlobalSection(ExtensibilityGlobals) = postSolution
		SolutionGuid = {ADA695C5-3392-4D63-9634-CF78FF3AA492}
	EndGlobalSection
EndGlobal
